
Microsoft Visual Studio Solution File, Format Version 12.00
# Visual Studio Version 17
VisualStudioVersion = 17.13.35931.197 d17.13
MinimumVisualStudioVersion = 10.0.40219.1
Project("{FAE04EC0-301F-11D3-BF4B-00C04F79EFBC}") = "LibraryLab", "LibraryLab\LibraryLab.csproj", "{BC1DD3B0-9D9B-4404-B2D9-E37966585FF0}"
EndProject
Global
	GlobalSection(SolutionConfigurationPlatforms) = preSolution
		Debug|Any CPU = Debug|Any CPU
		Release|Any CPU = Release|Any CPU
	EndGlobalSection
	GlobalSection(ProjectConfigurationPlatforms) = postSolution
		{BC1DD3B0-9D9B-4404-B2D9-E37966585FF0}.Debug|Any CPU.ActiveCfg = Debug|Any CPU
		{BC1DD3B0-9D9B-4404-B2D9-E37966585FF0}.Debug|Any CPU.Build.0 = Debug|Any CPU
		{BC1DD3B0-9D9B-4404-B2D9-E37966585FF0}.Release|Any CPU.ActiveCfg = Release|Any CPU
		{BC1DD3B0-9D9B-4404-B2D9-E37966585FF0}.Release|Any CPU.Build.0 = Release|Any CPU
	EndGlobalSection
	GlobalSection(SolutionProperties) = preSolution
		HideSolutionNode = FALSE
	EndGlobalSection
	GlobalSection(ExtensibilityGlobals) = postSolution
		SolutionGuid = {66B86509-4508-4356-98CD-22F27848D434}
	EndGlobalSection
EndGlobal
