
Microsoft Visual Studio Solution File, Format Version 12.00
# Visual Studio Version 17
VisualStudioVersion = 17.13.35931.197 d17.13
MinimumVisualStudioVersion = 10.0.40219.1
Project("{FAE04EC0-301F-11D3-BF4B-00C04F79EFBC}") = "TestLab5", "TestLab5\TestLab5.csproj", "{8222F40E-CEBF-40D5-A7D8-F045289CDDFB}"
EndProject
Global
	GlobalSection(SolutionConfigurationPlatforms) = preSolution
		Debug|Any CPU = Debug|Any CPU
		Release|Any CPU = Release|Any CPU
	EndGlobalSection
	GlobalSection(ProjectConfigurationPlatforms) = postSolution
		{8222F40E-CEBF-40D5-A7D8-F045289CDDFB}.Debug|Any CPU.ActiveCfg = Debug|Any CPU
		{8222F40E-CEBF-40D5-A7D8-F045289CDDFB}.Debug|Any CPU.Build.0 = Debug|Any CPU
		{8222F40E-CEBF-40D5-A7D8-F045289CDDFB}.Release|Any CPU.ActiveCfg = Release|Any CPU
		{8222F40E-CEBF-40D5-A7D8-F045289CDDFB}.Release|Any CPU.Build.0 = Release|Any CPU
	EndGlobalSection
	GlobalSection(SolutionProperties) = preSolution
		HideSolutionNode = FALSE
	EndGlobalSection
	GlobalSection(ExtensibilityGlobals) = postSolution
		SolutionGuid = {23CCF773-45AB-4C0F-8E66-6F6A4EBF40E8}
	EndGlobalSection
EndGlobal
