
Microsoft Visual Studio Solution File, Format Version 12.00
# Visual Studio Version 17
VisualStudioVersion = 17.13.35828.75 d17.13
MinimumVisualStudioVersion = 10.0.40219.1
Project("{FAE04EC0-301F-11D3-BF4B-00C04F79EFBC}") = "Lab3", "Lab3\Lab3.csproj", "{D846622F-CD1C-4ADC-BF45-2307813E6825}"
EndProject
Global
	GlobalSection(SolutionConfigurationPlatforms) = preSolution
		Debug|Any CPU = Debug|Any CPU
		Release|Any CPU = Release|Any CPU
	EndGlobalSection
	GlobalSection(ProjectConfigurationPlatforms) = postSolution
		{D846622F-CD1C-4ADC-BF45-2307813E6825}.Debug|Any CPU.ActiveCfg = Debug|Any CPU
		{D846622F-CD1C-4ADC-BF45-2307813E6825}.Debug|Any CPU.Build.0 = Debug|Any CPU
		{D846622F-CD1C-4ADC-BF45-2307813E6825}.Release|Any CPU.ActiveCfg = Release|Any CPU
		{D846622F-CD1C-4ADC-BF45-2307813E6825}.Release|Any CPU.Build.0 = Release|Any CPU
	EndGlobalSection
	GlobalSection(SolutionProperties) = preSolution
		HideSolutionNode = FALSE
	EndGlobalSection
	GlobalSection(ExtensibilityGlobals) = postSolution
		SolutionGuid = {281276E3-DDD3-40EE-BCAC-78405FE9C5BA}
	EndGlobalSection
EndGlobal
